
Microsoft Visual Studio Solution File, Format Version 12.00
# Visual Studio Version 17
VisualStudioVersion = 17.4.33213.308
MinimumVisualStudioVersion = 10.0.40219.1
Project("{9A19103F-16F7-4668-BE54-9A1E7A4F7556}") = "CostHub", "CostHub\CostHub.csproj", "{68F2446F-8CCE-4AD0-BAC7-0149EA93054B}"
EndProject
Project("{9A19103F-16F7-4668-BE54-9A1E7A4F7556}") = "CostHubLibrary", "CostHubLibrary\CostHubLibrary.csproj", "{35250105-6707-4F13-A934-8F4D628569C5}"
EndProject
Global
	GlobalSection(SolutionConfigurationPlatforms) = preSolution
		Debug|Any CPU = Debug|Any CPU
		Release|Any CPU = Release|Any CPU
	EndGlobalSection
	GlobalSection(ProjectConfigurationPlatforms) = postSolution
		{68F2446F-8CCE-4AD0-BAC7-0149EA93054B}.Debug|Any CPU.ActiveCfg = Debug|Any CPU
		{68F2446F-8CCE-4AD0-BAC7-0149EA93054B}.Debug|Any CPU.Build.0 = Debug|Any CPU
		{68F2446F-8CCE-4AD0-BAC7-0149EA93054B}.Release|Any CPU.ActiveCfg = Release|Any CPU
		{68F2446F-8CCE-4AD0-BAC7-0149EA93054B}.Release|Any CPU.Build.0 = Release|Any CPU
		{35250105-6707-4F13-A934-8F4D628569C5}.Debug|Any CPU.ActiveCfg = Debug|Any CPU
		{35250105-6707-4F13-A934-8F4D628569C5}.Debug|Any CPU.Build.0 = Debug|Any CPU
		{35250105-6707-4F13-A934-8F4D628569C5}.Release|Any CPU.ActiveCfg = Release|Any CPU
		{35250105-6707-4F13-A934-8F4D628569C5}.Release|Any CPU.Build.0 = Release|Any CPU
	EndGlobalSection
	GlobalSection(SolutionProperties) = preSolution
		HideSolutionNode = FALSE
	EndGlobalSection
	GlobalSection(ExtensibilityGlobals) = postSolution
		SolutionGuid = {DC514FE6-B700-4812-9F97-F373D1CEDA46}
	EndGlobalSection
EndGlobal
